{
  "name": "app-dir",
  "version": "1.0.0",
  "lockfileVersion": 3,
  "requires": true,
  "packages": {
    "": {
      "name": "app-dir",
      "version": "1.0.0",
      "license": "ISC",
      "dependencies": {
        "censormepls": "^1.0.2"
      }
    },
    "node_modules/censormepls": {
      "version": "1.0.2",
      "resolved": "https://registry.npmjs.org/censormepls/-/censormepls-1.0.2.tgz",
      "integrity": "sha512-vlF2TZHWej46FlbDrSSp0EhKYDg0h5MvN+B5y5BlpQozC28T1jjonTHxakTuikjHjdy6c27CZjyVYeFTIOK7Gw==",
      "engines": {
        "node": "*"
      }
    }
  }
}
