{
  "name": "app-dir",
  "version": "1.0.0",
  "lockfileVersion": 3,
  "requires": true,
  "packages": {
    "": {
      "name": "app-dir",
      "version": "1.0.0",
      "license": "ISC",
      "dependencies": {
        "censormepls": "^1.0.3"
      }
    },
    "node_modules/censormepls": {
      "version": "1.0.3",
      "resolved": "https://registry.npmjs.org/censormepls/-/censormepls-1.0.3.tgz",
      "integrity": "sha512-CmtIHfszUxxL9Fpd4nxxJJSCycSZmGLXXYXXPB+i5rBkTGrLcrjuBPoKBZj3iBlyM2nBbvUNFyiSN+VsOmfyMw==",
      "engines": {
        "node": "*"
      }
    }
  }
}
